// !$*UTF8*$!
{
	archiveVersion = 1;
	classes = {
	};
	objectVersion = 55;
	objects = {

/* Begin PBXBuildFile section */
		11F412BF27BD276E00BCCCA6 /* AppDelegate.swift in Sources */ = {isa = PBXBuildFile; fileRef = 11F412BE27BD276E00BCCCA6 /* AppDelegate.swift */; };
		11F412C127BD276E00BCCCA6 /* SceneDelegate.swift in Sources */ = {isa = PBXBuildFile; fileRef = 11F412C027BD276E00BCCCA6 /* SceneDelegate.swift */; };
		11F412C327BD276E00BCCCA6 /* ViewController.swift in Sources */ = {isa = PBXBuildFile; fileRef = 11F412C227BD276E00BCCCA6 /* ViewController.swift */; };
		11F412C627BD276E00BCCCA6 /* Main.storyboard in Resources */ = {isa = PBXBuildFile; fileRef = 11F412C427BD276E00BCCCA6 /* Main.storyboard */; };
		11F412C827BD277000BCCCA6 /* Assets.xcassets in Resources */ = {isa = PBXBuildFile; fileRef = 11F412C727BD277000BCCCA6 /* Assets.xcassets */; };
		11F412CB27BD277000BCCCA6 /* LaunchScreen.storyboard in Resources */ = {isa = PBXBuildFile; fileRef = 11F412C927BD277000BCCCA6 /* LaunchScreen.storyboard */; };
		11F412D627BD277000BCCCA6 /* usingCoreLocation_and_MapKit_togetherTests.swift in Sources */ = {isa = PBXBuildFile; fileRef = 11F412D527BD277000BCCCA6 /* usingCoreLocation_and_MapKit_togetherTests.swift */; };
		11F412E027BD277000BCCCA6 /* usingCoreLocation_and_MapKit_togetherUITests.swift in Sources */ = {isa = PBXBuildFile; fileRef = 11F412DF27BD277000BCCCA6 /* usingCoreLocation_and_MapKit_togetherUITests.swift */; };
		11F412E227BD277000BCCCA6 /* usingCoreLocation_and_MapKit_togetherUITestsLaunchTests.swift in Sources */ = {isa = PBXBuildFile; fileRef = 11F412E127BD277000BCCCA6 /* usingCoreLocation_and_MapKit_togetherUITestsLaunchTests.swift */; };
		11F412F027BD277D00BCCCA6 /* CoreLocation.framework in Frameworks */ = {isa = PBXBuildFile; fileRef = 11F412EF27BD277D00BCCCA6 /* CoreLocation.framework */; };
		11F412F227BD278300BCCCA6 /* MapKit.framework in Frameworks */ = {isa = PBXBuildFile; fileRef = 11F412F127BD278300BCCCA6 /* MapKit.framework */; };
/* End PBXBuildFile section */

/* Begin PBXContainerItemProxy section */
		11F412D227BD277000BCCCA6 /* PBXContainerItemProxy */ = {
			isa = PBXContainerItemProxy;
			containerPortal = 11F412B327BD276E00BCCCA6 /* Project object */;
			proxyType = 1;
			remoteGlobalIDString = 11F412BA27BD276E00BCCCA6;
			remoteInfo = usingCoreLocation_and_MapKit_together;
		};
		11F412DC27BD277000BCCCA6 /* PBXContainerItemProxy */ = {
			isa = PBXContainerItemProxy;
			containerPortal = 11F412B327BD276E00BCCCA6 /* Project object */;
			proxyType = 1;
			remoteGlobalIDString = 11F412BA27BD276E00BCCCA6;
			remoteInfo = usingCoreLocation_and_MapKit_together;
		};
/* End PBXContainerItemProxy section */

/* Begin PBXFileReference section */
		11F412BB27BD276E00BCCCA6 /* usingCoreLocation_and_MapKit_together.app */ = {isa = PBXFileReference; explicitFileType = wrapper.application; includeInIndex = 0; path = usingCoreLocation_and_MapKit_together.app; sourceTree = BUILT_PRODUCTS_DIR; };
		11F412BE27BD276E00BCCCA6 /* AppDelegate.swift */ = {isa = PBXFileReference; lastKnownFileType = sourcecode.swift; path = AppDelegate.swift; sourceTree = "<group>"; };
		11F412C027BD276E00BCCCA6 /* SceneDelegate.swift */ = {isa = PBXFileReference; lastKnownFileType = sourcecode.swift; path = SceneDelegate.swift; sourceTree = "<group>"; };
		11F412C227BD276E00BCCCA6 /* ViewController.swift */ = {isa = PBXFileReference; lastKnownFileType = sourcecode.swift; path = ViewController.swift; sourceTree = "<group>"; };
		11F412C527BD276E00BCCCA6 /* Base */ = {isa = PBXFileReference; lastKnownFileType = file.storyboard; name = Base; path = Base.lproj/Main.storyboard; sourceTree = "<group>"; };
		11F412C727BD277000BCCCA6 /* Assets.xcassets */ = {isa = PBXFileReference; lastKnownFileType = folder.assetcatalog; path = Assets.xcassets; sourceTree = "<group>"; };
		11F412CA27BD277000BCCCA6 /* Base */ = {isa = PBXFileReference; lastKnownFileType = file.storyboard; name = Base; path = Base.lproj/LaunchScreen.storyboard; sourceTree = "<group>"; };
		11F412CC27BD277000BCCCA6 /* Info.plist */ = {isa = PBXFileReference; lastKnownFileType = text.plist.xml; path = Info.plist; sourceTree = "<group>"; };
		11F412D127BD277000BCCCA6 /* usingCoreLocation_and_MapKit_togetherTests.xctest */ = {isa = PBXFileReference; explicitFileType = wrapper.cfbundle; includeInIndex = 0; path = usingCoreLocation_and_MapKit_togetherTests.xctest; sourceTree = BUILT_PRODUCTS_DIR; };
		11F412D527BD277000BCCCA6 /* usingCoreLocation_and_MapKit_togetherTests.swift */ = {isa = PBXFileReference; lastKnownFileType = sourcecode.swift; path = usingCoreLocation_and_MapKit_togetherTests.swift; sourceTree = "<group>"; };
		11F412DB27BD277000BCCCA6 /* usingCoreLocation_and_MapKit_togetherUITests.xctest */ = {isa = PBXFileReference; explicitFileType = wrapper.cfbundle; includeInIndex = 0; path = usingCoreLocation_and_MapKit_togetherUITests.xctest; sourceTree = BUILT_PRODUCTS_DIR; };
		11F412DF27BD277000BCCCA6 /* usingCoreLocation_and_MapKit_togetherUITests.swift */ = {isa = PBXFileReference; lastKnownFileType = sourcecode.swift; path = usingCoreLocation_and_MapKit_togetherUITests.swift; sourceTree = "<group>"; };
		11F412E127BD277000BCCCA6 /* usingCoreLocation_and_MapKit_togetherUITestsLaunchTests.swift */ = {isa = PBXFileReference; lastKnownFileType = sourcecode.swift; path = usingCoreLocation_and_MapKit_togetherUITestsLaunchTests.swift; sourceTree = "<group>"; };
		11F412EF27BD277D00BCCCA6 /* CoreLocation.framework */ = {isa = PBXFileReference; lastKnownFileType = wrapper.framework; name = CoreLocation.framework; path = System/Library/Frameworks/CoreLocation.framework; sourceTree = SDKROOT; };
		11F412F127BD278300BCCCA6 /* MapKit.framework */ = {isa = PBXFileReference; lastKnownFileType = wrapper.framework; name = MapKit.framework; path = System/Library/Frameworks/MapKit.framework; sourceTree = SDKROOT; };
/* End PBXFileReference section */

/* Begin PBXFrameworksBuildPhase section */
		11F412B827BD276E00BCCCA6 /* Frameworks */ = {
			isa = PBXFrameworksBuildPhase;
			buildActionMask = 2147483647;
			files = (
				11F412F227BD278300BCCCA6 /* MapKit.framework in Frameworks */,
				11F412F027BD277D00BCCCA6 /* CoreLocation.framework in Frameworks */,
			);
			runOnlyForDeploymentPostprocessing = 0;
		};
		11F412CE27BD277000BCCCA6 /* Frameworks */ = {
			isa = PBXFrameworksBuildPhase;
			buildActionMask = 2147483647;
			files = (
			);
			runOnlyForDeploymentPostprocessing = 0;
		};
		11F412D827BD277000BCCCA6 /* Frameworks */ = {
			isa = PBXFrameworksBuildPhase;
			buildActionMask = 2147483647;
			files = (
			);
			runOnlyForDeploymentPostprocessing = 0;
		};
/* End PBXFrameworksBuildPhase section */

/* Begin PBXGroup section */
		11F412B227BD276E00BCCCA6 = {
			isa = PBXGroup;
			children = (
				11F412BD27BD276E00BCCCA6 /* usingCoreLocation_and_MapKit_together */,
				11F412D427BD277000BCCCA6 /* usingCoreLocation_and_MapKit_togetherTests */,
				11F412DE27BD277000BCCCA6 /* usingCoreLocation_and_MapKit_togetherUITests */,
				11F412BC27BD276E00BCCCA6 /* Products */,
				11F412EE27BD277C00BCCCA6 /* Frameworks */,
			);
			sourceTree = "<group>";
		};
		11F412BC27BD276E00BCCCA6 /* Products */ = {
			isa = PBXGroup;
			children = (
				11F412BB27BD276E00BCCCA6 /* usingCoreLocation_and_MapKit_together.app */,
				11F412D127BD277000BCCCA6 /* usingCoreLocation_and_MapKit_togetherTests.xctest */,
				11F412DB27BD277000BCCCA6 /* usingCoreLocation_and_MapKit_togetherUITests.xctest */,
			);
			name = Products;
			sourceTree = "<group>";
		};
		11F412BD27BD276E00BCCCA6 /* usingCoreLocation_and_MapKit_together */ = {
			isa = PBXGroup;
			children = (
				11F412BE27BD276E00BCCCA6 /* AppDelegate.swift */,
				11F412C027BD276E00BCCCA6 /* SceneDelegate.swift */,
				11F412C227BD276E00BCCCA6 /* ViewController.swift */,
				11F412C427BD276E00BCCCA6 /* Main.storyboard */,
				11F412C727BD277000BCCCA6 /* Assets.xcassets */,
				11F412C927BD277000BCCCA6 /* LaunchScreen.storyboard */,
				11F412CC27BD277000BCCCA6 /* Info.plist */,
			);
			path = usingCoreLocation_and_MapKit_together;
			sourceTree = "<group>";
		};
		11F412D427BD277000BCCCA6 /* usingCoreLocation_and_MapKit_togetherTests */ = {
			isa = PBXGroup;
			children = (
				11F412D527BD277000BCCCA6 /* usingCoreLocation_and_MapKit_togetherTests.swift */,
			);
			path = usingCoreLocation_and_MapKit_togetherTests;
			sourceTree = "<group>";
		};
		11F412DE27BD277000BCCCA6 /* usingCoreLocation_and_MapKit_togetherUITests */ = {
			isa = PBXGroup;
			children = (
				11F412DF27BD277000BCCCA6 /* usingCoreLocation_and_MapKit_togetherUITests.swift */,
				11F412E127BD277000BCCCA6 /* usingCoreLocation_and_MapKit_togetherUITestsLaunchTests.swift */,
			);
			path = usingCoreLocation_and_MapKit_togetherUITests;
			sourceTree = "<group>";
		};
		11F412EE27BD277C00BCCCA6 /* Frameworks */ = {
			isa = PBXGroup;
			children = (
				11F412F127BD278300BCCCA6 /* MapKit.framework */,
				11F412EF27BD277D00BCCCA6 /* CoreLocation.framework */,
			);
			name = Frameworks;
			sourceTree = "<group>";
		};
/* End PBXGroup section */

/* Begin PBXNativeTarget section */
		11F412BA27BD276E00BCCCA6 /* usingCoreLocation_and_MapKit_together */ = {
			isa = PBXNativeTarget;
			buildConfigurationList = 11F412E527BD277000BCCCA6 /* Build configuration list for PBXNativeTarget "usingCoreLocation_and_MapKit_together" */;
			buildPhases = (
				11F412B727BD276E00BCCCA6 /* Sources */,
				11F412B827BD276E00BCCCA6 /* Frameworks */,
				11F412B927BD276E00BCCCA6 /* Resources */,
			);
			buildRules = (
			);
			dependencies = (
			);
			name = usingCoreLocation_and_MapKit_together;
			productName = usingCoreLocation_and_MapKit_together;
			productReference = 11F412BB27BD276E00BCCCA6 /* usingCoreLocation_and_MapKit_together.app */;
			productType = "com.apple.product-type.application";
		};
		11F412D027BD277000BCCCA6 /* usingCoreLocation_and_MapKit_togetherTests */ = {
			isa = PBXNativeTarget;
			buildConfigurationList = 11F412E827BD277000BCCCA6 /* Build configuration list for PBXNativeTarget "usingCoreLocation_and_MapKit_togetherTests" */;
			buildPhases = (
				11F412CD27BD277000BCCCA6 /* Sources */,
				11F412CE27BD277000BCCCA6 /* Frameworks */,
				11F412CF27BD277000BCCCA6 /* Resources */,
			);
			buildRules = (
			);
			dependencies = (
				11F412D327BD277000BCCCA6 /* PBXTargetDependency */,
			);
			name = usingCoreLocation_and_MapKit_togetherTests;
			productName = usingCoreLocation_and_MapKit_togetherTests;
			productReference = 11F412D127BD277000BCCCA6 /* usingCoreLocation_and_MapKit_togetherTests.xctest */;
			productType = "com.apple.product-type.bundle.unit-test";
		};
		11F412DA27BD277000BCCCA6 /* usingCoreLocation_and_MapKit_togetherUITests */ = {
			isa = PBXNativeTarget;
			buildConfigurationList = 11F412EB27BD277000BCCCA6 /* Build configuration list for PBXNativeTarget "usingCoreLocation_and_MapKit_togetherUITests" */;
			buildPhases = (
				11F412D727BD277000BCCCA6 /* Sources */,
				11F412D827BD277000BCCCA6 /* Frameworks */,
				11F412D927BD277000BCCCA6 /* Resources */,
			);
			buildRules = (
			);
			dependencies = (
				11F412DD27BD277000BCCCA6 /* PBXTargetDependency */,
			);
			name = usingCoreLocation_and_MapKit_togetherUITests;
			productName = usingCoreLocation_and_MapKit_togetherUITests;
			productReference = 11F412DB27BD277000BCCCA6 /* usingCoreLocation_and_MapKit_togetherUITests.xctest */;
			productType = "com.apple.product-type.bundle.ui-testing";
		};
/* End PBXNativeTarget section */

/* Begin PBXProject section */
		11F412B327BD276E00BCCCA6 /* Project object */ = {
			isa = PBXProject;
			attributes = {
				BuildIndependentTargetsInParallel = 1;
				LastSwiftUpdateCheck = 1320;
				LastUpgradeCheck = 1320;
				TargetAttributes = {
					11F412BA27BD276E00BCCCA6 = {
						CreatedOnToolsVersion = 13.2.1;
					};
					11F412D027BD277000BCCCA6 = {
						CreatedOnToolsVersion = 13.2.1;
						TestTargetID = 11F412BA27BD276E00BCCCA6;
					};
					11F412DA27BD277000BCCCA6 = {
						CreatedOnToolsVersion = 13.2.1;
						TestTargetID = 11F412BA27BD276E00BCCCA6;
					};
				};
			};
			buildConfigurationList = 11F412B627BD276E00BCCCA6 /* Build configuration list for PBXProject "usingCoreLocation_and_MapKit_together" */;
			compatibilityVersion = "Xcode 13.0";
			developmentRegion = en;
			hasScannedForEncodings = 0;
			knownRegions = (
				en,
				Base,
			);
			mainGroup = 11F412B227BD276E00BCCCA6;
			productRefGroup = 11F412BC27BD276E00BCCCA6 /* Products */;
			projectDirPath = "";
			projectRoot = "";
			targets = (
				11F412BA27BD276E00BCCCA6 /* usingCoreLocation_and_MapKit_together */,
				11F412D027BD277000BCCCA6 /* usingCoreLocation_and_MapKit_togetherTests */,
				11F412DA27BD277000BCCCA6 /* usingCoreLocation_and_MapKit_togetherUITests */,
			);
		};
/* End PBXProject section */

/* Begin PBXResourcesBuildPhase section */
		11F412B927BD276E00BCCCA6 /* Resources */ = {
			isa = PBXResourcesBuildPhase;
			buildActionMask = 2147483647;
			files = (
				11F412CB27BD277000BCCCA6 /* LaunchScreen.storyboard in Resources */,
				11F412C827BD277000BCCCA6 /* Assets.xcassets in Resources */,
				11F412C627BD276E00BCCCA6 /* Main.storyboard in Resources */,
			);
			runOnlyForDeploymentPostprocessing = 0;
		};
		11F412CF27BD277000BCCCA6 /* Resources */ = {
			isa = PBXResourcesBuildPhase;
			buildActionMask = 2147483647;
			files = (
			);
			runOnlyForDeploymentPostprocessing = 0;
		};
		11F412D927BD277000BCCCA6 /* Resources */ = {
			isa = PBXResourcesBuildPhase;
			buildActionMask = 2147483647;
			files = (
			);
			runOnlyForDeploymentPostprocessing = 0;
		};
/* End PBXResourcesBuildPhase section */

/* Begin PBXSourcesBuildPhase section */
		11F412B727BD276E00BCCCA6 /* Sources */ = {
			isa = PBXSourcesBuildPhase;
			buildActionMask = 2147483647;
			files = (
				11F412C327BD276E00BCCCA6 /* ViewController.swift in Sources */,
				11F412BF27BD276E00BCCCA6 /* AppDelegate.swift in Sources */,
				11F412C127BD276E00BCCCA6 /* SceneDelegate.swift in Sources */,
			);
			runOnlyForDeploymentPostprocessing = 0;
		};
		11F412CD27BD277000BCCCA6 /* Sources */ = {
			isa = PBXSourcesBuildPhase;
			buildActionMask = 2147483647;
			files = (
				11F412D627BD277000BCCCA6 /* usingCoreLocation_and_MapKit_togetherTests.swift in Sources */,
			);
			runOnlyForDeploymentPostprocessing = 0;
		};
		11F412D727BD277000BCCCA6 /* Sources */ = {
			isa = PBXSourcesBuildPhase;
			buildActionMask = 2147483647;
			files = (
				11F412E027BD277000BCCCA6 /* usingCoreLocation_and_MapKit_togetherUITests.swift in Sources */,
				11F412E227BD277000BCCCA6 /* usingCoreLocation_and_MapKit_togetherUITestsLaunchTests.swift in Sources */,
			);
			runOnlyForDeploymentPostprocessing = 0;
		};
/* End PBXSourcesBuildPhase section */

/* Begin PBXTargetDependency section */
		11F412D327BD277000BCCCA6 /* PBXTargetDependency */ = {
			isa = PBXTargetDependency;
			target = 11F412BA27BD276E00BCCCA6 /* usingCoreLocation_and_MapKit_together */;
			targetProxy = 11F412D227BD277000BCCCA6 /* PBXContainerItemProxy */;
		};
		11F412DD27BD277000BCCCA6 /* PBXTargetDependency */ = {
			isa = PBXTargetDependency;
			target = 11F412BA27BD276E00BCCCA6 /* usingCoreLocation_and_MapKit_together */;
			targetProxy = 11F412DC27BD277000BCCCA6 /* PBXContainerItemProxy */;
		};
/* End PBXTargetDependency section */

/* Begin PBXVariantGroup section */
		11F412C427BD276E00BCCCA6 /* Main.storyboard */ = {
			isa = PBXVariantGroup;
			children = (
				11F412C527BD276E00BCCCA6 /* Base */,
			);
			name = Main.storyboard;
			sourceTree = "<group>";
		};
		11F412C927BD277000BCCCA6 /* LaunchScreen.storyboard */ = {
			isa = PBXVariantGroup;
			children = (
				11F412CA27BD277000BCCCA6 /* Base */,
			);
			name = LaunchScreen.storyboard;
			sourceTree = "<group>";
		};
/* End PBXVariantGroup section */

/* Begin XCBuildConfiguration section */
		11F412E327BD277000BCCCA6 /* Debug */ = {
			isa = XCBuildConfiguration;
			buildSettings = {
				ALWAYS_SEARCH_USER_PATHS = NO;
				CLANG_ANALYZER_NONNULL = YES;
				CLANG_ANALYZER_NUMBER_OBJECT_CONVERSION = YES_AGGRESSIVE;
				CLANG_CXX_LANGUAGE_STANDARD = "gnu++17";
				CLANG_CXX_LIBRARY = "libc++";
				CLANG_ENABLE_MODULES = YES;
				CLANG_ENABLE_OBJC_ARC = YES;
				CLANG_ENABLE_OBJC_WEAK = YES;
				CLANG_WARN_BLOCK_CAPTURE_AUTORELEASING = YES;
				CLANG_WARN_BOOL_CONVERSION = YES;
				CLANG_WARN_COMMA = YES;
				CLANG_WARN_CONSTANT_CONVERSION = YES;
				CLANG_WARN_DEPRECATED_OBJC_IMPLEMENTATIONS = YES;
				CLANG_WARN_DIRECT_OBJC_ISA_USAGE = YES_ERROR;
				CLANG_WARN_DOCUMENTATION_COMMENTS = YES;
				CLANG_WARN_EMPTY_BODY = YES;
				CLANG_WARN_ENUM_CONVERSION = YES;
				CLANG_WARN_INFINITE_RECURSION = YES;
				CLANG_WARN_INT_CONVERSION = YES;
				CLANG_WARN_NON_LITERAL_NULL_CONVERSION = YES;
				CLANG_WARN_OBJC_IMPLICIT_RETAIN_SELF = YES;
				CLANG_WARN_OBJC_LITERAL_CONVERSION = YES;
				CLANG_WARN_OBJC_ROOT_CLASS = YES_ERROR;
				CLANG_WARN_QUOTED_INCLUDE_IN_FRAMEWORK_HEADER = YES;
				CLANG_WARN_RANGE_LOOP_ANALYSIS = YES;
				CLANG_WARN_STRICT_PROTOTYPES = YES;
				CLANG_WARN_SUSPICIOUS_MOVE = YES;
				CLANG_WARN_UNGUARDED_AVAILABILITY = YES_AGGRESSIVE;
				CLANG_WARN_UNREACHABLE_CODE = YES;
				CLANG_WARN__DUPLICATE_METHOD_MATCH = YES;
				COPY_PHASE_STRIP = NO;
				DEBUG_INFORMATION_FORMAT = dwarf;
				ENABLE_STRICT_OBJC_MSGSEND = YES;
				ENABLE_TESTABILITY = YES;
				GCC_C_LANGUAGE_STANDARD = gnu11;
				GCC_DYNAMIC_NO_PIC = NO;
				GCC_NO_COMMON_BLOCKS = YES;
				GCC_OPTIMIZATION_LEVEL = 0;
				GCC_PREPROCESSOR_DEFINITIONS = (
					"DEBUG=1",
					"$(inherited)",
				);
				GCC_WARN_64_TO_32_BIT_CONVERSION = YES;
				GCC_WARN_ABOUT_RETURN_TYPE = YES_ERROR;
				GCC_WARN_UNDECLARED_SELECTOR = YES;
				GCC_WARN_UNINITIALIZED_AUTOS = YES_AGGRESSIVE;
				GCC_WARN_UNUSED_FUNCTION = YES;
				GCC_WARN_UNUSED_VARIABLE = YES;
				IPHONEOS_DEPLOYMENT_TARGET = 15.2;
				MTL_ENABLE_DEBUG_INFO = INCLUDE_SOURCE;
				MTL_FAST_MATH = YES;
				ONLY_ACTIVE_ARCH = YES;
				SDKROOT = iphoneos;
				SWIFT_ACTIVE_COMPILATION_CONDITIONS = DEBUG;
				SWIFT_OPTIMIZATION_LEVEL = "-Onone";
			};
			name = Debug;
		};
		11F412E427BD277000BCCCA6 /* Release */ = {
			isa = XCBuildConfiguration;
			buildSettings = {
				ALWAYS_SEARCH_USER_PATHS = NO;
				CLANG_ANALYZER_NONNULL = YES;
				CLANG_ANALYZER_NUMBER_OBJECT_CONVERSION = YES_AGGRESSIVE;
				CLANG_CXX_LANGUAGE_STANDARD = "gnu++17";
				CLANG_CXX_LIBRARY = "libc++";
				CLANG_ENABLE_MODULES = YES;
				CLANG_ENABLE_OBJC_ARC = YES;
				CLANG_ENABLE_OBJC_WEAK = YES;
				CLANG_WARN_BLOCK_CAPTURE_AUTORELEASING = YES;
				CLANG_WARN_BOOL_CONVERSION = YES;
				CLANG_WARN_COMMA = YES;
				CLANG_WARN_CONSTANT_CONVERSION = YES;
				CLANG_WARN_DEPRECATED_OBJC_IMPLEMENTATIONS = YES;
				CLANG_WARN_DIRECT_OBJC_ISA_USAGE = YES_ERROR;
				CLANG_WARN_DOCUMENTATION_COMMENTS = YES;
				CLANG_WARN_EMPTY_BODY = YES;
				CLANG_WARN_ENUM_CONVERSION = YES;
				CLANG_WARN_INFINITE_RECURSION = YES;
				CLANG_WARN_INT_CONVERSION = YES;
				CLANG_WARN_NON_LITERAL_NULL_CONVERSION = YES;
				CLANG_WARN_OBJC_IMPLICIT_RETAIN_SELF = YES;
				CLANG_WARN_OBJC_LITERAL_CONVERSION = YES;
				CLANG_WARN_OBJC_ROOT_CLASS = YES_ERROR;
				CLANG_WARN_QUOTED_INCLUDE_IN_FRAMEWORK_HEADER = YES;
				CLANG_WARN_RANGE_LOOP_ANALYSIS = YES;
				CLANG_WARN_STRICT_PROTOTYPES = YES;
				CLANG_WARN_SUSPICIOUS_MOVE = YES;
				CLANG_WARN_UNGUARDED_AVAILABILITY = YES_AGGRESSIVE;
				CLANG_WARN_UNREACHABLE_CODE = YES;
				CLANG_WARN__DUPLICATE_METHOD_MATCH = YES;
				COPY_PHASE_STRIP = NO;
				DEBUG_INFORMATION_FORMAT = "dwarf-with-dsym";
				ENABLE_NS_ASSERTIONS = NO;
				ENABLE_STRICT_OBJC_MSGSEND = YES;
				GCC_C_LANGUAGE_STANDARD = gnu11;
				GCC_NO_COMMON_BLOCKS = YES;
				GCC_WARN_64_TO_32_BIT_CONVERSION = YES;
				GCC_WARN_ABOUT_RETURN_TYPE = YES_ERROR;
				GCC_WARN_UNDECLARED_SELECTOR = YES;
				GCC_WARN_UNINITIALIZED_AUTOS = YES_AGGRESSIVE;
				GCC_WARN_UNUSED_FUNCTION = YES;
				GCC_WARN_UNUSED_VARIABLE = YES;
				IPHONEOS_DEPLOYMENT_TARGET = 15.2;
				MTL_ENABLE_DEBUG_INFO = NO;
				MTL_FAST_MATH = YES;
				SDKROOT = iphoneos;
				SWIFT_COMPILATION_MODE = wholemodule;
				SWIFT_OPTIMIZATION_LEVEL = "-O";
				VALIDATE_PRODUCT = YES;
			};
			name = Release;
		};
		11F412E627BD277000BCCCA6 /* Debug */ = {
			isa = XCBuildConfiguration;
			buildSettings = {
				ASSETCATALOG_COMPILER_APPICON_NAME = AppIcon;
				ASSETCATALOG_COMPILER_GLOBAL_ACCENT_COLOR_NAME = AccentColor;
				CODE_SIGN_STYLE = Automatic;
				CURRENT_PROJECT_VERSION = 1;
				DEVELOPMENT_TEAM = 448H3S9AG3;
				GENERATE_INFOPLIST_FILE = YES;
				INFOPLIST_FILE = usingCoreLocation_and_MapKit_together/Info.plist;
				INFOPLIST_KEY_UIApplicationSupportsIndirectInputEvents = YES;
				INFOPLIST_KEY_UILaunchStoryboardName = LaunchScreen;
				INFOPLIST_KEY_UIMainStoryboardFile = Main;
				INFOPLIST_KEY_UISupportedInterfaceOrientations_iPad = "UIInterfaceOrientationPortrait UIInterfaceOrientationPortraitUpsideDown UIInterfaceOrientationLandscapeLeft UIInterfaceOrientationLandscapeRight";
				INFOPLIST_KEY_UISupportedInterfaceOrientations_iPhone = "UIInterfaceOrientationPortrait UIInterfaceOrientationLandscapeLeft UIInterfaceOrientationLandscapeRight";
				LD_RUNPATH_SEARCH_PATHS = (
					"$(inherited)",
					"@executable_path/Frameworks",
				);
				MARKETING_VERSION = 1.0;
				PRODUCT_BUNDLE_IDENTIFIER = "tunahan.usingCoreLocation-and-MapKit-together";
				PRODUCT_NAME = "$(TARGET_NAME)";
				SWIFT_EMIT_LOC_STRINGS = YES;
				SWIFT_VERSION = 5.0;
				TARGETED_DEVICE_FAMILY = "1,2";
			};
			name = Debug;
		};
		11F412E727BD277000BCCCA6 /* Release */ = {
			isa = XCBuildConfiguration;
			buildSettings = {
				ASSETCATALOG_COMPILER_APPICON_NAME = AppIcon;
				ASSETCATALOG_COMPILER_GLOBAL_ACCENT_COLOR_NAME = AccentColor;
				CODE_SIGN_STYLE = Automatic;
				CURRENT_PROJECT_VERSION = 1;
				DEVELOPMENT_TEAM = 448H3S9AG3;
				GENERATE_INFOPLIST_FILE = YES;
				INFOPLIST_FILE = usingCoreLocation_and_MapKit_together/Info.plist;
				INFOPLIST_KEY_UIApplicationSupportsIndirectInputEvents = YES;
				INFOPLIST_KEY_UILaunchStoryboardName = LaunchScreen;
				INFOPLIST_KEY_UIMainStoryboardFile = Main;
				INFOPLIST_KEY_UISupportedInterfaceOrientations_iPad = "UIInterfaceOrientationPortrait UIInterfaceOrientationPortraitUpsideDown UIInterfaceOrientationLandscapeLeft UIInterfaceOrientationLandscapeRight";
				INFOPLIST_KEY_UISupportedInterfaceOrientations_iPhone = "UIInterfaceOrientationPortrait UIInterfaceOrientationLandscapeLeft UIInterfaceOrientationLandscapeRight";
				LD_RUNPATH_SEARCH_PATHS = (
					"$(inherited)",
					"@executable_path/Frameworks",
				);
				MARKETING_VERSION = 1.0;
				PRODUCT_BUNDLE_IDENTIFIER = "tunahan.usingCoreLocation-and-MapKit-together";
				PRODUCT_NAME = "$(TARGET_NAME)";
				SWIFT_EMIT_LOC_STRINGS = YES;
				SWIFT_VERSION = 5.0;
				TARGETED_DEVICE_FAMILY = "1,2";
			};
			name = Release;
		};
		11F412E927BD277000BCCCA6 /* Debug */ = {
			isa = XCBuildConfiguration;
			buildSettings = {
				ALWAYS_EMBED_SWIFT_STANDARD_LIBRARIES = YES;
				BUNDLE_LOADER = "$(TEST_HOST)";
				CODE_SIGN_STYLE = Automatic;
				CURRENT_PROJECT_VERSION = 1;
				DEVELOPMENT_TEAM = 448H3S9AG3;
				GENERATE_INFOPLIST_FILE = YES;
				IPHONEOS_DEPLOYMENT_TARGET = 15.2;
				MARKETING_VERSION = 1.0;
				PRODUCT_BUNDLE_IDENTIFIER = "tunahan.usingCoreLocation-and-MapKit-togetherTests";
				PRODUCT_NAME = "$(TARGET_NAME)";
				SWIFT_EMIT_LOC_STRINGS = NO;
				SWIFT_VERSION = 5.0;
				TARGETED_DEVICE_FAMILY = "1,2";
				TEST_HOST = "$(BUILT_PRODUCTS_DIR)/usingCoreLocation_and_MapKit_together.app/usingCoreLocation_and_MapKit_together";
			};
			name = Debug;
		};
		11F412EA27BD277000BCCCA6 /* Release */ = {
			isa = XCBuildConfiguration;
			buildSettings = {
				ALWAYS_EMBED_SWIFT_STANDARD_LIBRARIES = YES;
				BUNDLE_LOADER = "$(TEST_HOST)";
				CODE_SIGN_STYLE = Automatic;
				CURRENT_PROJECT_VERSION = 1;
				DEVELOPMENT_TEAM = 448H3S9AG3;
				GENERATE_INFOPLIST_FILE = YES;
				IPHONEOS_DEPLOYMENT_TARGET = 15.2;
				MARKETING_VERSION = 1.0;
				PRODUCT_BUNDLE_IDENTIFIER = "tunahan.usingCoreLocation-and-MapKit-togetherTests";
				PRODUCT_NAME = "$(TARGET_NAME)";
				SWIFT_EMIT_LOC_STRINGS = NO;
				SWIFT_VERSION = 5.0;
				TARGETED_DEVICE_FAMILY = "1,2";
				TEST_HOST = "$(BUILT_PRODUCTS_DIR)/usingCoreLocation_and_MapKit_together.app/usingCoreLocation_and_MapKit_together";
			};
			name = Release;
		};
		11F412EC27BD277000BCCCA6 /* Debug */ = {
			isa = XCBuildConfiguration;
			buildSettings = {
				ALWAYS_EMBED_SWIFT_STANDARD_LIBRARIES = YES;
				CODE_SIGN_STYLE = Automatic;
				CURRENT_PROJECT_VERSION = 1;
				DEVELOPMENT_TEAM = 448H3S9AG3;
				GENERATE_INFOPLIST_FILE = YES;
				MARKETING_VERSION = 1.0;
				PRODUCT_BUNDLE_IDENTIFIER = "tunahan.usingCoreLocation-and-MapKit-togetherUITests";
				PRODUCT_NAME = "$(TARGET_NAME)";
				SWIFT_EMIT_LOC_STRINGS = NO;
				SWIFT_VERSION = 5.0;
				TARGETED_DEVICE_FAMILY = "1,2";
				TEST_TARGET_NAME = usingCoreLocation_and_MapKit_together;
			};
			name = Debug;
		};
		11F412ED27BD277000BCCCA6 /* Release */ = {
			isa = XCBuildConfiguration;
			buildSettings = {
				ALWAYS_EMBED_SWIFT_STANDARD_LIBRARIES = YES;
				CODE_SIGN_STYLE = Automatic;
				CURRENT_PROJECT_VERSION = 1;
				DEVELOPMENT_TEAM = 448H3S9AG3;
				GENERATE_INFOPLIST_FILE = YES;
				MARKETING_VERSION = 1.0;
				PRODUCT_BUNDLE_IDENTIFIER = "tunahan.usingCoreLocation-and-MapKit-togetherUITests";
				PRODUCT_NAME = "$(TARGET_NAME)";
				SWIFT_EMIT_LOC_STRINGS = NO;
				SWIFT_VERSION = 5.0;
				TARGETED_DEVICE_FAMILY = "1,2";
				TEST_TARGET_NAME = usingCoreLocation_and_MapKit_together;
			};
			name = Release;
		};
/* End XCBuildConfiguration section */

/* Begin XCConfigurationList section */
		11F412B627BD276E00BCCCA6 /* Build configuration list for PBXProject "usingCoreLocation_and_MapKit_together" */ = {
			isa = XCConfigurationList;
			buildConfigurations = (
				11F412E327BD277000BCCCA6 /* Debug */,
				11F412E427BD277000BCCCA6 /* Release */,
			);
			defaultConfigurationIsVisible = 0;
			defaultConfigurationName = Release;
		};
		11F412E527BD277000BCCCA6 /* Build configuration list for PBXNativeTarget "usingCoreLocation_and_MapKit_together" */ = {
			isa = XCConfigurationList;
			buildConfigurations = (
				11F412E627BD277000BCCCA6 /* Debug */,
				11F412E727BD277000BCCCA6 /* Release */,
			);
			defaultConfigurationIsVisible = 0;
			defaultConfigurationName = Release;
		};
		11F412E827BD277000BCCCA6 /* Build configuration list for PBXNativeTarget "usingCoreLocation_and_MapKit_togetherTests" */ = {
			isa = XCConfigurationList;
			buildConfigurations = (
				11F412E927BD277000BCCCA6 /* Debug */,
				11F412EA27BD277000BCCCA6 /* Release */,
			);
			defaultConfigurationIsVisible = 0;
			defaultConfigurationName = Release;
		};
		11F412EB27BD277000BCCCA6 /* Build configuration list for PBXNativeTarget "usingCoreLocation_and_MapKit_togetherUITests" */ = {
			isa = XCConfigurationList;
			buildConfigurations = (
				11F412EC27BD277000BCCCA6 /* Debug */,
				11F412ED27BD277000BCCCA6 /* Release */,
			);
			defaultConfigurationIsVisible = 0;
			defaultConfigurationName = Release;
		};
/* End XCConfigurationList section */
	};
	rootObject = 11F412B327BD276E00BCCCA6 /* Project object */;
}
